
Microsoft Visual Studio Solution File, Format Version 12.00
# Visual Studio 14
VisualStudioVersion = 14.0.24720.0
MinimumVisualStudioVersion = 10.0.40219.1
Project("{FAE04EC0-301F-11D3-BF4B-00C04F79EFBC}") = "StreamerAuthor", "StreamerAuthor\StreamerAuthor.csproj", "{706FA648-01A9-40D7-A0F5-F3164F13ADBD}"
EndProject
Global
	GlobalSection(SolutionConfigurationPlatforms) = preSolution
		Debug|ARM = Debug|ARM
		Debug|x64 = Debug|x64
		Debug|x86 = Debug|x86
		Release|ARM = Release|ARM
		Release|x64 = Release|x64
		Release|x86 = Release|x86
	EndGlobalSection
	GlobalSection(ProjectConfigurationPlatforms) = postSolution
		{706FA648-01A9-40D7-A0F5-F3164F13ADBD}.Debug|ARM.ActiveCfg = Debug|ARM
		{706FA648-01A9-40D7-A0F5-F3164F13ADBD}.Debug|ARM.Build.0 = Debug|ARM
		{706FA648-01A9-40D7-A0F5-F3164F13ADBD}.Debug|ARM.Deploy.0 = Debug|ARM
		{706FA648-01A9-40D7-A0F5-F3164F13ADBD}.Debug|x64.ActiveCfg = Debug|x64
		{706FA648-01A9-40D7-A0F5-F3164F13ADBD}.Debug|x64.Build.0 = Debug|x64
		{706FA648-01A9-40D7-A0F5-F3164F13ADBD}.Debug|x64.Deploy.0 = Debug|x64
		{706FA648-01A9-40D7-A0F5-F3164F13ADBD}.Debug|x86.ActiveCfg = Debug|x86
		{706FA648-01A9-40D7-A0F5-F3164F13ADBD}.Debug|x86.Build.0 = Debug|x86
		{706FA648-01A9-40D7-A0F5-F3164F13ADBD}.Debug|x86.Deploy.0 = Debug|x86
		{706FA648-01A9-40D7-A0F5-F3164F13ADBD}.Release|ARM.ActiveCfg = Release|ARM
		{706FA648-01A9-40D7-A0F5-F3164F13ADBD}.Release|ARM.Build.0 = Release|ARM
		{706FA648-01A9-40D7-A0F5-F3164F13ADBD}.Release|ARM.Deploy.0 = Release|ARM
		{706FA648-01A9-40D7-A0F5-F3164F13ADBD}.Release|x64.ActiveCfg = Release|x64
		{706FA648-01A9-40D7-A0F5-F3164F13ADBD}.Release|x64.Build.0 = Release|x64
		{706FA648-01A9-40D7-A0F5-F3164F13ADBD}.Release|x64.Deploy.0 = Release|x64
		{706FA648-01A9-40D7-A0F5-F3164F13ADBD}.Release|x86.ActiveCfg = Release|x86
		{706FA648-01A9-40D7-A0F5-F3164F13ADBD}.Release|x86.Build.0 = Release|x86
		{706FA648-01A9-40D7-A0F5-F3164F13ADBD}.Release|x86.Deploy.0 = Release|x86
	EndGlobalSection
	GlobalSection(SolutionProperties) = preSolution
		HideSolutionNode = FALSE
	EndGlobalSection
EndGlobal
